
Microsoft Visual Studio Solution File, Format Version 11.00
# Visual Studio 2010
Project("{FAE04EC0-301F-11D3-BF4B-00C04F79EFBC}") = "WeChatDemo", "WeChatDemo\WeChatDemo.csproj", "{BC465438-EA19-4579-9E59-3EAB0C31DBCA}"
EndProject
Global
	GlobalSection(SolutionConfigurationPlatforms) = preSolution
		Debug|x86 = Debug|x86
		Release|x86 = Release|x86
	EndGlobalSection
	GlobalSection(ProjectConfigurationPlatforms) = postSolution
		{BC465438-EA19-4579-9E59-3EAB0C31DBCA}.Debug|x86.ActiveCfg = Debug|x86
		{BC465438-EA19-4579-9E59-3EAB0C31DBCA}.Debug|x86.Build.0 = Debug|x86
		{BC465438-EA19-4579-9E59-3EAB0C31DBCA}.Release|x86.ActiveCfg = Release|x86
		{BC465438-EA19-4579-9E59-3EAB0C31DBCA}.Release|x86.Build.0 = Release|x86
	EndGlobalSection
	GlobalSection(SolutionProperties) = preSolution
		HideSolutionNode = FALSE
	EndGlobalSection
EndGlobal
